
Microsoft Visual Studio Solution File, Format Version 12.00
# Visual Studio 15
VisualStudioVersion = 15.0.28010.2036
MinimumVisualStudioVersion = 10.0.40219.1
Project("{FAE04EC0-301F-11D3-BF4B-00C04F79EFBC}") = "PSDLExporter", "PSDLExporter\PSDLExporter.csproj", "{4F0A4C7C-4025-4652-9A36-9D3415502F87}"
EndProject
Project("{FAE04EC0-301F-11D3-BF4B-00C04F79EFBC}") = "PSDL", "..\..\mm2\PSDL.NET-master\PSDL\PSDL.csproj", "{D5FC95B0-23B4-4F06-8BA9-5FC78C4AEA7F}"
EndProject
Global
	GlobalSection(SolutionConfigurationPlatforms) = preSolution
		Debug|Any CPU = Debug|Any CPU
		Release|Any CPU = Release|Any CPU
	EndGlobalSection
	GlobalSection(ProjectConfigurationPlatforms) = postSolution
		{4F0A4C7C-4025-4652-9A36-9D3415502F87}.Debug|Any CPU.ActiveCfg = Debug|Any CPU
		{4F0A4C7C-4025-4652-9A36-9D3415502F87}.Debug|Any CPU.Build.0 = Debug|Any CPU
		{4F0A4C7C-4025-4652-9A36-9D3415502F87}.Release|Any CPU.ActiveCfg = Release|Any CPU
		{4F0A4C7C-4025-4652-9A36-9D3415502F87}.Release|Any CPU.Build.0 = Release|Any CPU
		{D5FC95B0-23B4-4F06-8BA9-5FC78C4AEA7F}.Debug|Any CPU.ActiveCfg = Debug|Any CPU
		{D5FC95B0-23B4-4F06-8BA9-5FC78C4AEA7F}.Debug|Any CPU.Build.0 = Debug|Any CPU
		{D5FC95B0-23B4-4F06-8BA9-5FC78C4AEA7F}.Release|Any CPU.ActiveCfg = Release|Any CPU
		{D5FC95B0-23B4-4F06-8BA9-5FC78C4AEA7F}.Release|Any CPU.Build.0 = Release|Any CPU
	EndGlobalSection
	GlobalSection(SolutionProperties) = preSolution
		HideSolutionNode = FALSE
	EndGlobalSection
	GlobalSection(ExtensibilityGlobals) = postSolution
		SolutionGuid = {4C19D260-612F-464B-ABF9-C55A48A14AC0}
	EndGlobalSection
EndGlobal
